// !$*UTF8*$!
{
	archiveVersion = 1;
	classes = {
	};
	objectVersion = 46;
	objects = {

/* Begin PBXFileReference section */
		3C26C91A18C7C06E009432CE /* nitrile_hbond.1 */ = {isa = PBXFileReference; lastKnownFileType = text.man; path = nitrile_hbond.1; sourceTree = "<group>"; };
		3C26C92518C7C0B3009432CE /* Makefile */ = {isa = PBXFileReference; fileEncoding = 4; lastKnownFileType = sourcecode.make; path = Makefile; sourceTree = "<group>"; };
		3C26C92718C7C3D4009432CE /* nitrile_hbond.c */ = {isa = PBXFileReference; fileEncoding = 4; lastKnownFileType = sourcecode.c.c; path = nitrile_hbond.c; sourceTree = "<group>"; };
		3C26C92818C7C492009432CE /* gmx_nitrile_hbond.h */ = {isa = PBXFileReference; lastKnownFileType = sourcecode.c.h; path = gmx_nitrile_hbond.h; sourceTree = "<group>"; };
		3C26C92918C7C4C6009432CE /* gmx_nitrile_hbond.c */ = {isa = PBXFileReference; fileEncoding = 4; lastKnownFileType = sourcecode.c.c; path = gmx_nitrile_hbond.c; sourceTree = "<group>"; };
/* End PBXFileReference section */

/* Begin PBXGroup section */
		3C26C90C18C7C06D009432CE = {
			isa = PBXGroup;
			children = (
				3C26C91718C7C06E009432CE /* nitrile_hbond */,
				3C26C91618C7C06E009432CE /* Products */,
			);
			sourceTree = "<group>";
		};
		3C26C91618C7C06E009432CE /* Products */ = {
			isa = PBXGroup;
			children = (
			);
			name = Products;
			sourceTree = "<group>";
		};
		3C26C91718C7C06E009432CE /* nitrile_hbond */ = {
			isa = PBXGroup;
			children = (
				3C26C92718C7C3D4009432CE /* nitrile_hbond.c */,
				3C26C92818C7C492009432CE /* gmx_nitrile_hbond.h */,
				3C26C92918C7C4C6009432CE /* gmx_nitrile_hbond.c */,
				3C26C92518C7C0B3009432CE /* Makefile */,
				3C26C91A18C7C06E009432CE /* nitrile_hbond.1 */,
			);
			path = nitrile_hbond;
			sourceTree = "<group>";
		};
/* End PBXGroup section */

/* Begin PBXLegacyTarget section */
		3C26C92118C7C08E009432CE /* Makefile */ = {
			isa = PBXLegacyTarget;
			buildArgumentsString = "";
			buildConfigurationList = 3C26C92218C7C08E009432CE /* Build configuration list for PBXLegacyTarget "Makefile" */;
			buildPhases = (
			);
			buildToolPath = /usr/bin/make;
			buildWorkingDirectory = /Users/ritchie/Utilities/new_gromacs/nitrile_hbond/nitrile_hbond;
			dependencies = (
			);
			name = Makefile;
			passBuildSettingsInEnvironment = 1;
			productName = Makefile;
		};
/* End PBXLegacyTarget section */

/* Begin PBXProject section */
		3C26C90D18C7C06D009432CE /* Project object */ = {
			isa = PBXProject;
			attributes = {
				LastUpgradeCheck = 0460;
				ORGANIZATIONNAME = "Andrew Ritchie";
			};
			buildConfigurationList = 3C26C91018C7C06D009432CE /* Build configuration list for PBXProject "nitrile_hbond" */;
			compatibilityVersion = "Xcode 3.2";
			developmentRegion = English;
			hasScannedForEncodings = 0;
			knownRegions = (
				en,
			);
			mainGroup = 3C26C90C18C7C06D009432CE;
			productRefGroup = 3C26C91618C7C06E009432CE /* Products */;
			projectDirPath = "";
			projectRoot = "";
			targets = (
				3C26C92118C7C08E009432CE /* Makefile */,
			);
		};
/* End PBXProject section */

/* Begin XCBuildConfiguration section */
		3C26C91C18C7C06E009432CE /* Debug */ = {
			isa = XCBuildConfiguration;
			buildSettings = {
				ALWAYS_SEARCH_USER_PATHS = NO;
				ARCHS = "$(ARCHS_STANDARD_64_BIT)";
				CLANG_CXX_LANGUAGE_STANDARD = "gnu++0x";
				CLANG_CXX_LIBRARY = "libc++";
				CLANG_ENABLE_OBJC_ARC = YES;
				CLANG_WARN_CONSTANT_CONVERSION = YES;
				CLANG_WARN_EMPTY_BODY = YES;
				CLANG_WARN_ENUM_CONVERSION = YES;
				CLANG_WARN_INT_CONVERSION = YES;
				CLANG_WARN__DUPLICATE_METHOD_MATCH = YES;
				COPY_PHASE_STRIP = NO;
				GCC_C_LANGUAGE_STANDARD = gnu99;
				GCC_DYNAMIC_NO_PIC = NO;
				GCC_ENABLE_OBJC_EXCEPTIONS = YES;
				GCC_OPTIMIZATION_LEVEL = 0;
				GCC_PREPROCESSOR_DEFINITIONS = (
					"DEBUG=1",
					"$(inherited)",
				);
				GCC_SYMBOLS_PRIVATE_EXTERN = NO;
				GCC_WARN_64_TO_32_BIT_CONVERSION = YES;
				GCC_WARN_ABOUT_RETURN_TYPE = YES;
				GCC_WARN_UNINITIALIZED_AUTOS = YES;
				GCC_WARN_UNUSED_VARIABLE = YES;
				MACOSX_DEPLOYMENT_TARGET = 10.7;
				ONLY_ACTIVE_ARCH = YES;
				SDKROOT = macosx;
			};
			name = Debug;
		};
		3C26C91D18C7C06E009432CE /* Release */ = {
			isa = XCBuildConfiguration;
			buildSettings = {
				ALWAYS_SEARCH_USER_PATHS = NO;
				ARCHS = "$(ARCHS_STANDARD_64_BIT)";
				CLANG_CXX_LANGUAGE_STANDARD = "gnu++0x";
				CLANG_CXX_LIBRARY = "libc++";
				CLANG_ENABLE_OBJC_ARC = YES;
				CLANG_WARN_CONSTANT_CONVERSION = YES;
				CLANG_WARN_EMPTY_BODY = YES;
				CLANG_WARN_ENUM_CONVERSION = YES;
				CLANG_WARN_INT_CONVERSION = YES;
				CLANG_WARN__DUPLICATE_METHOD_MATCH = YES;
				COPY_PHASE_STRIP = YES;
				DEBUG_INFORMATION_FORMAT = "dwarf-with-dsym";
				GCC_C_LANGUAGE_STANDARD = gnu99;
				GCC_ENABLE_OBJC_EXCEPTIONS = YES;
				GCC_WARN_64_TO_32_BIT_CONVERSION = YES;
				GCC_WARN_ABOUT_RETURN_TYPE = YES;
				GCC_WARN_UNINITIALIZED_AUTOS = YES;
				GCC_WARN_UNUSED_VARIABLE = YES;
				MACOSX_DEPLOYMENT_TARGET = 10.7;
				SDKROOT = macosx;
			};
			name = Release;
		};
		3C26C92318C7C08E009432CE /* Debug */ = {
			isa = XCBuildConfiguration;
			buildSettings = {
				DEBUGGING_SYMBOLS = YES;
				GCC_GENERATE_DEBUGGING_SYMBOLS = YES;
				GCC_OPTIMIZATION_LEVEL = 0;
				OTHER_CFLAGS = "";
				OTHER_LDFLAGS = "";
				PRODUCT_NAME = "$(TARGET_NAME)";
			};
			name = Debug;
		};
		3C26C92418C7C08E009432CE /* Release */ = {
			isa = XCBuildConfiguration;
			buildSettings = {
				OTHER_CFLAGS = "";
				OTHER_LDFLAGS = "";
				PRODUCT_NAME = "$(TARGET_NAME)";
			};
			name = Release;
		};
/* End XCBuildConfiguration section */

/* Begin XCConfigurationList section */
		3C26C91018C7C06D009432CE /* Build configuration list for PBXProject "nitrile_hbond" */ = {
			isa = XCConfigurationList;
			buildConfigurations = (
				3C26C91C18C7C06E009432CE /* Debug */,
				3C26C91D18C7C06E009432CE /* Release */,
			);
			defaultConfigurationIsVisible = 0;
			defaultConfigurationName = Release;
		};
		3C26C92218C7C08E009432CE /* Build configuration list for PBXLegacyTarget "Makefile" */ = {
			isa = XCConfigurationList;
			buildConfigurations = (
				3C26C92318C7C08E009432CE /* Debug */,
				3C26C92418C7C08E009432CE /* Release */,
			);
			defaultConfigurationIsVisible = 0;
		};
/* End XCConfigurationList section */
	};
	rootObject = 3C26C90D18C7C06D009432CE /* Project object */;
}
